
Microsoft Visual Studio Solution File, Format Version 12.00
# Visual Studio Version 16
VisualStudioVersion = 16.0.32002.261
MinimumVisualStudioVersion = 10.0.40219.1
Project("{FAE04EC0-301F-11D3-BF4B-00C04F79EFBC}") = "Deneme 2", "Deneme 2.csproj", "{714E4B64-BCDC-43C1-A781-4225B3E178B2}"
EndProject
Global
	GlobalSection(SolutionConfigurationPlatforms) = preSolution
		Debug|Any CPU = Debug|Any CPU
		Release|Any CPU = Release|Any CPU
	EndGlobalSection
	GlobalSection(ProjectConfigurationPlatforms) = postSolution
		{714E4B64-BCDC-43C1-A781-4225B3E178B2}.Debug|Any CPU.ActiveCfg = Debug|Any CPU
		{714E4B64-BCDC-43C1-A781-4225B3E178B2}.Debug|Any CPU.Build.0 = Debug|Any CPU
		{714E4B64-BCDC-43C1-A781-4225B3E178B2}.Release|Any CPU.ActiveCfg = Release|Any CPU
		{714E4B64-BCDC-43C1-A781-4225B3E178B2}.Release|Any CPU.Build.0 = Release|Any CPU
	EndGlobalSection
	GlobalSection(SolutionProperties) = preSolution
		HideSolutionNode = FALSE
	EndGlobalSection
	GlobalSection(ExtensibilityGlobals) = postSolution
		SolutionGuid = {8D4BE744-92B8-43C4-B302-C7C4FDB4651E}
	EndGlobalSection
EndGlobal
